
Microsoft Visual Studio Solution File, Format Version 11.00
# Visual Studio 2010
Project("{8BC9CEB8-8B4A-11D0-8D11-00A0C91BC942}") = "T9Keyboard", "T9Keyboard\T9Keyboard.vcxproj", "{FB9F0A2A-948A-42A9-AB3B-F0DAFEF12665}"
EndProject
Global
	GlobalSection(SolutionConfigurationPlatforms) = preSolution
		Debug|Win32 = Debug|Win32
		Release|Win32 = Release|Win32
	EndGlobalSection
	GlobalSection(ProjectConfigurationPlatforms) = postSolution
		{FB9F0A2A-948A-42A9-AB3B-F0DAFEF12665}.Debug|Win32.ActiveCfg = Debug|Win32
		{FB9F0A2A-948A-42A9-AB3B-F0DAFEF12665}.Debug|Win32.Build.0 = Debug|Win32
		{FB9F0A2A-948A-42A9-AB3B-F0DAFEF12665}.Release|Win32.ActiveCfg = Release|Win32
		{FB9F0A2A-948A-42A9-AB3B-F0DAFEF12665}.Release|Win32.Build.0 = Release|Win32
	EndGlobalSection
	GlobalSection(SolutionProperties) = preSolution
		HideSolutionNode = FALSE
	EndGlobalSection
EndGlobal
